
Microsoft Visual Studio Solution File, Format Version 12.00
# Visual Studio Version 16
VisualStudioVersion = 16.0.31624.102
MinimumVisualStudioVersion = 10.0.40219.1
Project("{E24C65DC-7377-472B-9ABA-BC803B73C61A}") = "WCFServiceFN2021", "WCFServiceFN2021\", "{21359843-13B6-45CF-BB75-599233DE9A6B}"
	ProjectSection(WebsiteProperties) = preProject
		TargetFrameworkMoniker = ".NETFramework,Version%3Dv4.6.1"
		Debug.AspNetCompiler.VirtualPath = "/localhost_56229"
		Debug.AspNetCompiler.PhysicalPath = "WCFServiceFN2021\"
		Debug.AspNetCompiler.TargetPath = "PrecompiledWeb\localhost_56229\"
		Debug.AspNetCompiler.Updateable = "true"
		Debug.AspNetCompiler.ForceOverwrite = "true"
		Debug.AspNetCompiler.FixedNames = "false"
		Debug.AspNetCompiler.Debug = "True"
		Release.AspNetCompiler.VirtualPath = "/localhost_56229"
		Release.AspNetCompiler.PhysicalPath = "WCFServiceFN2021\"
		Release.AspNetCompiler.TargetPath = "PrecompiledWeb\localhost_56229\"
		Release.AspNetCompiler.Updateable = "true"
		Release.AspNetCompiler.ForceOverwrite = "true"
		Release.AspNetCompiler.FixedNames = "false"
		Release.AspNetCompiler.Debug = "False"
		VWDPort = "56229"
		SlnRelativePath = "WCFServiceFN2021\"
		DefaultWebSiteLanguage = "Visual C#"
	EndProjectSection
EndProject
Global
	GlobalSection(SolutionConfigurationPlatforms) = preSolution
		Debug|Any CPU = Debug|Any CPU
	EndGlobalSection
	GlobalSection(ProjectConfigurationPlatforms) = postSolution
		{21359843-13B6-45CF-BB75-599233DE9A6B}.Debug|Any CPU.ActiveCfg = Debug|Any CPU
		{21359843-13B6-45CF-BB75-599233DE9A6B}.Debug|Any CPU.Build.0 = Debug|Any CPU
	EndGlobalSection
	GlobalSection(SolutionProperties) = preSolution
		HideSolutionNode = FALSE
	EndGlobalSection
	GlobalSection(ExtensibilityGlobals) = postSolution
		SolutionGuid = {48E7A105-7CA6-49F1-B7CA-D81CA02661AC}
	EndGlobalSection
EndGlobal
